// !$*UTF8*$!
{
	archiveVersion = 1;
	classes = {
	};
	objectVersion = 51;
	objects = {

/* Begin PBXBuildFile section */
		044C73752520FA8200EEB33E /* AppDelegate.swift in Sources */ = {isa = PBXBuildFile; fileRef = 044C73742520FA8200EEB33E /* AppDelegate.swift */; };
		044C73772520FA8200EEB33E /* SceneDelegate.swift in Sources */ = {isa = PBXBuildFile; fileRef = 044C73762520FA8200EEB33E /* SceneDelegate.swift */; };
		044C73792520FA8200EEB33E /* ViewController.swift in Sources */ = {isa = PBXBuildFile; fileRef = 044C73782520FA8200EEB33E /* ViewController.swift */; };
		044C737C2520FA8200EEB33E /* Main.storyboard in Resources */ = {isa = PBXBuildFile; fileRef = 044C737A2520FA8200EEB33E /* Main.storyboard */; };
		044C737E2520FA8C00EEB33E /* Assets.xcassets in Resources */ = {isa = PBXBuildFile; fileRef = 044C737D2520FA8C00EEB33E /* Assets.xcassets */; };
		044C73812520FA8C00EEB33E /* LaunchScreen.storyboard in Resources */ = {isa = PBXBuildFile; fileRef = 044C737F2520FA8C00EEB33E /* LaunchScreen.storyboard */; };
		044C73892520FEDD00EEB33E /* FirstViewController.swift in Sources */ = {isa = PBXBuildFile; fileRef = 044C73882520FEDD00EEB33E /* FirstViewController.swift */; };
		044C738B2520FF0700EEB33E /* ScondViewController.swift in Sources */ = {isa = PBXBuildFile; fileRef = 044C738A2520FF0700EEB33E /* ScondViewController.swift */; };
		E8417945D907AB03A8519233 /* Pods_Segements.framework in Frameworks */ = {isa = PBXBuildFile; fileRef = 2EA9D23C273BD761FA0B83A9 /* Pods_Segements.framework */; };
/* End PBXBuildFile section */

/* Begin PBXFileReference section */
		044C73712520FA8200EEB33E /* Segements.app */ = {isa = PBXFileReference; explicitFileType = wrapper.application; includeInIndex = 0; path = Segements.app; sourceTree = BUILT_PRODUCTS_DIR; };
		044C73742520FA8200EEB33E /* AppDelegate.swift */ = {isa = PBXFileReference; lastKnownFileType = sourcecode.swift; path = AppDelegate.swift; sourceTree = "<group>"; };
		044C73762520FA8200EEB33E /* SceneDelegate.swift */ = {isa = PBXFileReference; lastKnownFileType = sourcecode.swift; path = SceneDelegate.swift; sourceTree = "<group>"; };
		044C73782520FA8200EEB33E /* ViewController.swift */ = {isa = PBXFileReference; lastKnownFileType = sourcecode.swift; path = ViewController.swift; sourceTree = "<group>"; };
		044C737B2520FA8200EEB33E /* Base */ = {isa = PBXFileReference; lastKnownFileType = file.storyboard; name = Base; path = Base.lproj/Main.storyboard; sourceTree = "<group>"; };
		044C737D2520FA8C00EEB33E /* Assets.xcassets */ = {isa = PBXFileReference; lastKnownFileType = folder.assetcatalog; path = Assets.xcassets; sourceTree = "<group>"; };
		044C73802520FA8C00EEB33E /* Base */ = {isa = PBXFileReference; lastKnownFileType = file.storyboard; name = Base; path = Base.lproj/LaunchScreen.storyboard; sourceTree = "<group>"; };
		044C73822520FA8C00EEB33E /* Info.plist */ = {isa = PBXFileReference; lastKnownFileType = text.plist.xml; path = Info.plist; sourceTree = "<group>"; };
		044C73882520FEDD00EEB33E /* FirstViewController.swift */ = {isa = PBXFileReference; lastKnownFileType = sourcecode.swift; path = FirstViewController.swift; sourceTree = "<group>"; };
		044C738A2520FF0700EEB33E /* ScondViewController.swift */ = {isa = PBXFileReference; lastKnownFileType = sourcecode.swift; path = ScondViewController.swift; sourceTree = "<group>"; };
		2EA9D23C273BD761FA0B83A9 /* Pods_Segements.framework */ = {isa = PBXFileReference; explicitFileType = wrapper.framework; includeInIndex = 0; path = Pods_Segements.framework; sourceTree = BUILT_PRODUCTS_DIR; };
		B62873CC38EF5A412DEBCA91 /* Pods-Segements.release.xcconfig */ = {isa = PBXFileReference; includeInIndex = 1; lastKnownFileType = text.xcconfig; name = "Pods-Segements.release.xcconfig"; path = "Target Support Files/Pods-Segements/Pods-Segements.release.xcconfig"; sourceTree = "<group>"; };
		B7867AA7FE8827E26CBE4572 /* Pods-Segements.debug.xcconfig */ = {isa = PBXFileReference; includeInIndex = 1; lastKnownFileType = text.xcconfig; name = "Pods-Segements.debug.xcconfig"; path = "Target Support Files/Pods-Segements/Pods-Segements.debug.xcconfig"; sourceTree = "<group>"; };
/* End PBXFileReference section */

/* Begin PBXFrameworksBuildPhase section */
		044C736E2520FA8200EEB33E /* Frameworks */ = {
			isa = PBXFrameworksBuildPhase;
			buildActionMask = 2147483647;
			files = (
				E8417945D907AB03A8519233 /* Pods_Segements.framework in Frameworks */,
			);
			runOnlyForDeploymentPostprocessing = 0;
		};
/* End PBXFrameworksBuildPhase section */

/* Begin PBXGroup section */
		044C73682520FA8200EEB33E = {
			isa = PBXGroup;
			children = (
				044C73732520FA8200EEB33E /* Segements */,
				044C73722520FA8200EEB33E /* Products */,
				841E794C8ECECFFBB00AD18F /* Pods */,
				2C9316F6627549B687E0AC73 /* Frameworks */,
			);
			sourceTree = "<group>";
		};
		044C73722520FA8200EEB33E /* Products */ = {
			isa = PBXGroup;
			children = (
				044C73712520FA8200EEB33E /* Segements.app */,
			);
			name = Products;
			sourceTree = "<group>";
		};
		044C73732520FA8200EEB33E /* Segements */ = {
			isa = PBXGroup;
			children = (
				044C73742520FA8200EEB33E /* AppDelegate.swift */,
				044C73762520FA8200EEB33E /* SceneDelegate.swift */,
				044C73782520FA8200EEB33E /* ViewController.swift */,
				044C737A2520FA8200EEB33E /* Main.storyboard */,
				044C737D2520FA8C00EEB33E /* Assets.xcassets */,
				044C737F2520FA8C00EEB33E /* LaunchScreen.storyboard */,
				044C73822520FA8C00EEB33E /* Info.plist */,
				044C73882520FEDD00EEB33E /* FirstViewController.swift */,
				044C738A2520FF0700EEB33E /* ScondViewController.swift */,
			);
			path = Segements;
			sourceTree = "<group>";
		};
		2C9316F6627549B687E0AC73 /* Frameworks */ = {
			isa = PBXGroup;
			children = (
				2EA9D23C273BD761FA0B83A9 /* Pods_Segements.framework */,
			);
			name = Frameworks;
			sourceTree = "<group>";
		};
		841E794C8ECECFFBB00AD18F /* Pods */ = {
			isa = PBXGroup;
			children = (
				B7867AA7FE8827E26CBE4572 /* Pods-Segements.debug.xcconfig */,
				B62873CC38EF5A412DEBCA91 /* Pods-Segements.release.xcconfig */,
			);
			path = Pods;
			sourceTree = "<group>";
		};
/* End PBXGroup section */

/* Begin PBXNativeTarget section */
		044C73702520FA8200EEB33E /* Segements */ = {
			isa = PBXNativeTarget;
			buildConfigurationList = 044C73852520FA8C00EEB33E /* Build configuration list for PBXNativeTarget "Segements" */;
			buildPhases = (
				1986739C2F7DAE56EC3C0443 /* [CP] Check Pods Manifest.lock */,
				044C736D2520FA8200EEB33E /* Sources */,
				044C736E2520FA8200EEB33E /* Frameworks */,
				044C736F2520FA8200EEB33E /* Resources */,
				993BC3FB26BABB9DBACAD19C /* [CP] Embed Pods Frameworks */,
			);
			buildRules = (
			);
			dependencies = (
			);
			name = Segements;
			productName = Segements;
			productReference = 044C73712520FA8200EEB33E /* Segements.app */;
			productType = "com.apple.product-type.application";
		};
/* End PBXNativeTarget section */

/* Begin PBXProject section */
		044C73692520FA8200EEB33E /* Project object */ = {
			isa = PBXProject;
			attributes = {
				LastSwiftUpdateCheck = 1140;
				LastUpgradeCheck = 1140;
				ORGANIZATIONNAME = Mac;
				TargetAttributes = {
					044C73702520FA8200EEB33E = {
						CreatedOnToolsVersion = 11.4.1;
					};
				};
			};
			buildConfigurationList = 044C736C2520FA8200EEB33E /* Build configuration list for PBXProject "Segements" */;
			compatibilityVersion = "Xcode 9.3";
			developmentRegion = en;
			hasScannedForEncodings = 0;
			knownRegions = (
				en,
				Base,
			);
			mainGroup = 044C73682520FA8200EEB33E;
			productRefGroup = 044C73722520FA8200EEB33E /* Products */;
			projectDirPath = "";
			projectRoot = "";
			targets = (
				044C73702520FA8200EEB33E /* Segements */,
			);
		};
/* End PBXProject section */

/* Begin PBXResourcesBuildPhase section */
		044C736F2520FA8200EEB33E /* Resources */ = {
			isa = PBXResourcesBuildPhase;
			buildActionMask = 2147483647;
			files = (
				044C73812520FA8C00EEB33E /* LaunchScreen.storyboard in Resources */,
				044C737E2520FA8C00EEB33E /* Assets.xcassets in Resources */,
				044C737C2520FA8200EEB33E /* Main.storyboard in Resources */,
			);
			runOnlyForDeploymentPostprocessing = 0;
		};
/* End PBXResourcesBuildPhase section */

/* Begin PBXShellScriptBuildPhase section */
		1986739C2F7DAE56EC3C0443 /* [CP] Check Pods Manifest.lock */ = {
			isa = PBXShellScriptBuildPhase;
			buildActionMask = 2147483647;
			files = (
			);
			inputFileListPaths = (
			);
			inputPaths = (
				"${PODS_PODFILE_DIR_PATH}/Podfile.lock",
				"${PODS_ROOT}/Manifest.lock",
			);
			name = "[CP] Check Pods Manifest.lock";
			outputFileListPaths = (
			);
			outputPaths = (
				"$(DERIVED_FILE_DIR)/Pods-Segements-checkManifestLockResult.txt",
			);
			runOnlyForDeploymentPostprocessing = 0;
			shellPath = /bin/sh;
			shellScript = "diff \"${PODS_PODFILE_DIR_PATH}/Podfile.lock\" \"${PODS_ROOT}/Manifest.lock\" > /dev/null\nif [ $? != 0 ] ; then\n    # print error to STDERR\n    echo \"error: The sandbox is not in sync with the Podfile.lock. Run 'pod install' or update your CocoaPods installation.\" >&2\n    exit 1\nfi\n# This output is used by Xcode 'outputs' to avoid re-running this script phase.\necho \"SUCCESS\" > \"${SCRIPT_OUTPUT_FILE_0}\"\n";
			showEnvVarsInLog = 0;
		};
		993BC3FB26BABB9DBACAD19C /* [CP] Embed Pods Frameworks */ = {
			isa = PBXShellScriptBuildPhase;
			buildActionMask = 2147483647;
			files = (
			);
			inputFileListPaths = (
				"${PODS_ROOT}/Target Support Files/Pods-Segements/Pods-Segements-frameworks-${CONFIGURATION}-input-files.xcfilelist",
			);
			name = "[CP] Embed Pods Frameworks";
			outputFileListPaths = (
				"${PODS_ROOT}/Target Support Files/Pods-Segements/Pods-Segements-frameworks-${CONFIGURATION}-output-files.xcfilelist",
			);
			runOnlyForDeploymentPostprocessing = 0;
			shellPath = /bin/sh;
			shellScript = "\"${PODS_ROOT}/Target Support Files/Pods-Segements/Pods-Segements-frameworks.sh\"\n";
			showEnvVarsInLog = 0;
		};
/* End PBXShellScriptBuildPhase section */

/* Begin PBXSourcesBuildPhase section */
		044C736D2520FA8200EEB33E /* Sources */ = {
			isa = PBXSourcesBuildPhase;
			buildActionMask = 2147483647;
			files = (
				044C73792520FA8200EEB33E /* ViewController.swift in Sources */,
				044C738B2520FF0700EEB33E /* ScondViewController.swift in Sources */,
				044C73752520FA8200EEB33E /* AppDelegate.swift in Sources */,
				044C73772520FA8200EEB33E /* SceneDelegate.swift in Sources */,
				044C73892520FEDD00EEB33E /* FirstViewController.swift in Sources */,
			);
			runOnlyForDeploymentPostprocessing = 0;
		};
/* End PBXSourcesBuildPhase section */

/* Begin PBXVariantGroup section */
		044C737A2520FA8200EEB33E /* Main.storyboard */ = {
			isa = PBXVariantGroup;
			children = (
				044C737B2520FA8200EEB33E /* Base */,
			);
			name = Main.storyboard;
			sourceTree = "<group>";
		};
		044C737F2520FA8C00EEB33E /* LaunchScreen.storyboard */ = {
			isa = PBXVariantGroup;
			children = (
				044C73802520FA8C00EEB33E /* Base */,
			);
			name = LaunchScreen.storyboard;
			sourceTree = "<group>";
		};
/* End PBXVariantGroup section */

/* Begin XCBuildConfiguration section */
		044C73832520FA8C00EEB33E /* Debug */ = {
			isa = XCBuildConfiguration;
			buildSettings = {
				ALWAYS_SEARCH_USER_PATHS = NO;
				CLANG_ANALYZER_NONNULL = YES;
				CLANG_ANALYZER_NUMBER_OBJECT_CONVERSION = YES_AGGRESSIVE;
				CLANG_CXX_LANGUAGE_STANDARD = "gnu++14";
				CLANG_CXX_LIBRARY = "libc++";
				CLANG_ENABLE_MODULES = YES;
				CLANG_ENABLE_OBJC_ARC = YES;
				CLANG_ENABLE_OBJC_WEAK = YES;
				CLANG_WARN_BLOCK_CAPTURE_AUTORELEASING = YES;
				CLANG_WARN_BOOL_CONVERSION = YES;
				CLANG_WARN_COMMA = YES;
				CLANG_WARN_CONSTANT_CONVERSION = YES;
				CLANG_WARN_DEPRECATED_OBJC_IMPLEMENTATIONS = YES;
				CLANG_WARN_DIRECT_OBJC_ISA_USAGE = YES_ERROR;
				CLANG_WARN_DOCUMENTATION_COMMENTS = YES;
				CLANG_WARN_EMPTY_BODY = YES;
				CLANG_WARN_ENUM_CONVERSION = YES;
				CLANG_WARN_INFINITE_RECURSION = YES;
				CLANG_WARN_INT_CONVERSION = YES;
				CLANG_WARN_NON_LITERAL_NULL_CONVERSION = YES;
				CLANG_WARN_OBJC_IMPLICIT_RETAIN_SELF = YES;
				CLANG_WARN_OBJC_LITERAL_CONVERSION = YES;
				CLANG_WARN_OBJC_ROOT_CLASS = YES_ERROR;
				CLANG_WARN_RANGE_LOOP_ANALYSIS = YES;
				CLANG_WARN_STRICT_PROTOTYPES = YES;
				CLANG_WARN_SUSPICIOUS_MOVE = YES;
				CLANG_WARN_UNGUARDED_AVAILABILITY = YES_AGGRESSIVE;
				CLANG_WARN_UNREACHABLE_CODE = YES;
				CLANG_WARN__DUPLICATE_METHOD_MATCH = YES;
				COPY_PHASE_STRIP = NO;
				DEBUG_INFORMATION_FORMAT = dwarf;
				ENABLE_STRICT_OBJC_MSGSEND = YES;
				ENABLE_TESTABILITY = YES;
				GCC_C_LANGUAGE_STANDARD = gnu11;
				GCC_DYNAMIC_NO_PIC = NO;
				GCC_NO_COMMON_BLOCKS = YES;
				GCC_OPTIMIZATION_LEVEL = 0;
				GCC_PREPROCESSOR_DEFINITIONS = (
					"DEBUG=1",
					"$(inherited)",
				);
				GCC_WARN_64_TO_32_BIT_CONVERSION = YES;
				GCC_WARN_ABOUT_RETURN_TYPE = YES_ERROR;
				GCC_WARN_UNDECLARED_SELECTOR = YES;
				GCC_WARN_UNINITIALIZED_AUTOS = YES_AGGRESSIVE;
				GCC_WARN_UNUSED_FUNCTION = YES;
				GCC_WARN_UNUSED_VARIABLE = YES;
				IPHONEOS_DEPLOYMENT_TARGET = 13.4;
				MTL_ENABLE_DEBUG_INFO = INCLUDE_SOURCE;
				MTL_FAST_MATH = YES;
				ONLY_ACTIVE_ARCH = YES;
				SDKROOT = iphoneos;
				SWIFT_ACTIVE_COMPILATION_CONDITIONS = DEBUG;
				SWIFT_OPTIMIZATION_LEVEL = "-Onone";
			};
			name = Debug;
		};
		044C73842520FA8C00EEB33E /* Release */ = {
			isa = XCBuildConfiguration;
			buildSettings = {
				ALWAYS_SEARCH_USER_PATHS = NO;
				CLANG_ANALYZER_NONNULL = YES;
				CLANG_ANALYZER_NUMBER_OBJECT_CONVERSION = YES_AGGRESSIVE;
				CLANG_CXX_LANGUAGE_STANDARD = "gnu++14";
				CLANG_CXX_LIBRARY = "libc++";
				CLANG_ENABLE_MODULES = YES;
				CLANG_ENABLE_OBJC_ARC = YES;
				CLANG_ENABLE_OBJC_WEAK = YES;
				CLANG_WARN_BLOCK_CAPTURE_AUTORELEASING = YES;
				CLANG_WARN_BOOL_CONVERSION = YES;
				CLANG_WARN_COMMA = YES;
				CLANG_WARN_CONSTANT_CONVERSION = YES;
				CLANG_WARN_DEPRECATED_OBJC_IMPLEMENTATIONS = YES;
				CLANG_WARN_DIRECT_OBJC_ISA_USAGE = YES_ERROR;
				CLANG_WARN_DOCUMENTATION_COMMENTS = YES;
				CLANG_WARN_EMPTY_BODY = YES;
				CLANG_WARN_ENUM_CONVERSION = YES;
				CLANG_WARN_INFINITE_RECURSION = YES;
				CLANG_WARN_INT_CONVERSION = YES;
				CLANG_WARN_NON_LITERAL_NULL_CONVERSION = YES;
				CLANG_WARN_OBJC_IMPLICIT_RETAIN_SELF = YES;
				CLANG_WARN_OBJC_LITERAL_CONVERSION = YES;
				CLANG_WARN_OBJC_ROOT_CLASS = YES_ERROR;
				CLANG_WARN_RANGE_LOOP_ANALYSIS = YES;
				CLANG_WARN_STRICT_PROTOTYPES = YES;
				CLANG_WARN_SUSPICIOUS_MOVE = YES;
				CLANG_WARN_UNGUARDED_AVAILABILITY = YES_AGGRESSIVE;
				CLANG_WARN_UNREACHABLE_CODE = YES;
				CLANG_WARN__DUPLICATE_METHOD_MATCH = YES;
				COPY_PHASE_STRIP = NO;
				DEBUG_INFORMATION_FORMAT = "dwarf-with-dsym";
				ENABLE_NS_ASSERTIONS = NO;
				ENABLE_STRICT_OBJC_MSGSEND = YES;
				GCC_C_LANGUAGE_STANDARD = gnu11;
				GCC_NO_COMMON_BLOCKS = YES;
				GCC_WARN_64_TO_32_BIT_CONVERSION = YES;
				GCC_WARN_ABOUT_RETURN_TYPE = YES_ERROR;
				GCC_WARN_UNDECLARED_SELECTOR = YES;
				GCC_WARN_UNINITIALIZED_AUTOS = YES_AGGRESSIVE;
				GCC_WARN_UNUSED_FUNCTION = YES;
				GCC_WARN_UNUSED_VARIABLE = YES;
				IPHONEOS_DEPLOYMENT_TARGET = 13.4;
				MTL_ENABLE_DEBUG_INFO = NO;
				MTL_FAST_MATH = YES;
				SDKROOT = iphoneos;
				SWIFT_COMPILATION_MODE = wholemodule;
				SWIFT_OPTIMIZATION_LEVEL = "-O";
				VALIDATE_PRODUCT = YES;
			};
			name = Release;
		};
		044C73862520FA8C00EEB33E /* Debug */ = {
			isa = XCBuildConfiguration;
			baseConfigurationReference = B7867AA7FE8827E26CBE4572 /* Pods-Segements.debug.xcconfig */;
			buildSettings = {
				ASSETCATALOG_COMPILER_APPICON_NAME = AppIcon;
				CODE_SIGN_STYLE = Automatic;
				INFOPLIST_FILE = Segements/Info.plist;
				LD_RUNPATH_SEARCH_PATHS = (
					"$(inherited)",
					"@executable_path/Frameworks",
				);
				PRODUCT_BUNDLE_IDENTIFIER = IOSrewaa.Segements;
				PRODUCT_NAME = "$(TARGET_NAME)";
				SWIFT_VERSION = 5.0;
				TARGETED_DEVICE_FAMILY = "1,2";
			};
			name = Debug;
		};
		044C73872520FA8C00EEB33E /* Release */ = {
			isa = XCBuildConfiguration;
			baseConfigurationReference = B62873CC38EF5A412DEBCA91 /* Pods-Segements.release.xcconfig */;
			buildSettings = {
				ASSETCATALOG_COMPILER_APPICON_NAME = AppIcon;
				CODE_SIGN_STYLE = Automatic;
				INFOPLIST_FILE = Segements/Info.plist;
				LD_RUNPATH_SEARCH_PATHS = (
					"$(inherited)",
					"@executable_path/Frameworks",
				);
				PRODUCT_BUNDLE_IDENTIFIER = IOSrewaa.Segements;
				PRODUCT_NAME = "$(TARGET_NAME)";
				SWIFT_VERSION = 5.0;
				TARGETED_DEVICE_FAMILY = "1,2";
			};
			name = Release;
		};
/* End XCBuildConfiguration section */

/* Begin XCConfigurationList section */
		044C736C2520FA8200EEB33E /* Build configuration list for PBXProject "Segements" */ = {
			isa = XCConfigurationList;
			buildConfigurations = (
				044C73832520FA8C00EEB33E /* Debug */,
				044C73842520FA8C00EEB33E /* Release */,
			);
			defaultConfigurationIsVisible = 0;
			defaultConfigurationName = Release;
		};
		044C73852520FA8C00EEB33E /* Build configuration list for PBXNativeTarget "Segements" */ = {
			isa = XCConfigurationList;
			buildConfigurations = (
				044C73862520FA8C00EEB33E /* Debug */,
				044C73872520FA8C00EEB33E /* Release */,
			);
			defaultConfigurationIsVisible = 0;
			defaultConfigurationName = Release;
		};
/* End XCConfigurationList section */
	};
	rootObject = 044C73692520FA8200EEB33E /* Project object */;
}
